
Microsoft Visual Studio Solution File, Format Version 12.00
# Visual Studio 15
VisualStudioVersion = 15.0.28307.106
MinimumVisualStudioVersion = 10.0.40219.1
Project("{FAE04EC0-301F-11D3-BF4B-00C04F79EFBC}") = "mkz.api", "mkz.api\mkz.api.csproj", "{497AAF84-5665-4B20-88B4-CA1593F17CE5}"
EndProject
Project("{FAE04EC0-301F-11D3-BF4B-00C04F79EFBC}") = "mkz.api.Tests", "mkz.api.Tests\mkz.api.Tests.csproj", "{6A91F892-D27D-44E4-90D2-81EC9A327DD4}"
EndProject
Global
	GlobalSection(SolutionConfigurationPlatforms) = preSolution
		Debug|Any CPU = Debug|Any CPU
		Release|Any CPU = Release|Any CPU
	EndGlobalSection
	GlobalSection(ProjectConfigurationPlatforms) = postSolution
		{497AAF84-5665-4B20-88B4-CA1593F17CE5}.Debug|Any CPU.ActiveCfg = Debug|Any CPU
		{497AAF84-5665-4B20-88B4-CA1593F17CE5}.Debug|Any CPU.Build.0 = Debug|Any CPU
		{497AAF84-5665-4B20-88B4-CA1593F17CE5}.Release|Any CPU.ActiveCfg = Release|Any CPU
		{497AAF84-5665-4B20-88B4-CA1593F17CE5}.Release|Any CPU.Build.0 = Release|Any CPU
		{6A91F892-D27D-44E4-90D2-81EC9A327DD4}.Debug|Any CPU.ActiveCfg = Debug|Any CPU
		{6A91F892-D27D-44E4-90D2-81EC9A327DD4}.Debug|Any CPU.Build.0 = Debug|Any CPU
		{6A91F892-D27D-44E4-90D2-81EC9A327DD4}.Release|Any CPU.ActiveCfg = Release|Any CPU
		{6A91F892-D27D-44E4-90D2-81EC9A327DD4}.Release|Any CPU.Build.0 = Release|Any CPU
	EndGlobalSection
	GlobalSection(SolutionProperties) = preSolution
		HideSolutionNode = FALSE
	EndGlobalSection
	GlobalSection(ExtensibilityGlobals) = postSolution
		SolutionGuid = {B52D9471-8E41-4FA7-A589-8DF2354B079E}
	EndGlobalSection
EndGlobal
